
Microsoft Visual Studio Solution File, Format Version 12.00
# Visual Studio Version 16
VisualStudioVersion = 16.0.30621.155
MinimumVisualStudioVersion = 10.0.40219.1
Project("{FAE04EC0-301F-11D3-BF4B-00C04F79EFBC}") = "Biometric Attendence System", "Biometric Attendence System.csproj", "{7E490178-5ED9-431F-B73B-95E82812E924}"
EndProject
Global
	GlobalSection(SolutionConfigurationPlatforms) = preSolution
		Debug|Any CPU = Debug|Any CPU
		Release|Any CPU = Release|Any CPU
	EndGlobalSection
	GlobalSection(ProjectConfigurationPlatforms) = postSolution
		{7E490178-5ED9-431F-B73B-95E82812E924}.Debug|Any CPU.ActiveCfg = Debug|Any CPU
		{7E490178-5ED9-431F-B73B-95E82812E924}.Debug|Any CPU.Build.0 = Debug|Any CPU
		{7E490178-5ED9-431F-B73B-95E82812E924}.Release|Any CPU.ActiveCfg = Release|Any CPU
		{7E490178-5ED9-431F-B73B-95E82812E924}.Release|Any CPU.Build.0 = Release|Any CPU
	EndGlobalSection
	GlobalSection(SolutionProperties) = preSolution
		HideSolutionNode = FALSE
	EndGlobalSection
	GlobalSection(ExtensibilityGlobals) = postSolution
		SolutionGuid = {97DEDBAF-A931-4CCA-A081-BB2C9D2983FB}
	EndGlobalSection
EndGlobal
